
Microsoft Visual Studio Solution File, Format Version 12.00
# Visual Studio 14
VisualStudioVersion = 14.0.25123.0
MinimumVisualStudioVersion = 10.0.40219.1
Project("{C33FECF5-55CC-4320-822E-F89D15B9297E}") = "Sitecore.Support.162291.166467", "Sitecore.Support.162291.166467\Sitecore.Support.162291.166467.csproj", "{BF1153EE-4276-46F2-8D8C-D4A622E3AEC8}"
EndProject
Global
	GlobalSection(SolutionConfigurationPlatforms) = preSolution
		Debug|Any CPU = Debug|Any CPU
		Release|Any CPU = Release|Any CPU
	EndGlobalSection
	GlobalSection(ProjectConfigurationPlatforms) = postSolution
		{BF1153EE-4276-46F2-8D8C-D4A622E3AEC8}.Debug|Any CPU.ActiveCfg = Debug|Any CPU
		{BF1153EE-4276-46F2-8D8C-D4A622E3AEC8}.Debug|Any CPU.Build.0 = Debug|Any CPU
		{BF1153EE-4276-46F2-8D8C-D4A622E3AEC8}.Release|Any CPU.ActiveCfg = Release|Any CPU
		{BF1153EE-4276-46F2-8D8C-D4A622E3AEC8}.Release|Any CPU.Build.0 = Release|Any CPU
	EndGlobalSection
	GlobalSection(SolutionProperties) = preSolution
		HideSolutionNode = FALSE
	EndGlobalSection
EndGlobal
